
Microsoft Visual Studio Solution File, Format Version 12.00
# Visual Studio Version 17
VisualStudioVersion = 17.3.32929.385
MinimumVisualStudioVersion = 10.0.40219.1
Project("{FAE04EC0-301F-11D3-BF4B-00C04F79EFBC}") = "BlazorBitcoinApp", "BlazorBitcoinApp.csproj", "{80AA3A93-FD69-407F-AA92-80FB0EC2803D}"
EndProject
Global
	GlobalSection(SolutionConfigurationPlatforms) = preSolution
		Debug|Any CPU = Debug|Any CPU
		Release|Any CPU = Release|Any CPU
	EndGlobalSection
	GlobalSection(ProjectConfigurationPlatforms) = postSolution
		{80AA3A93-FD69-407F-AA92-80FB0EC2803D}.Debug|Any CPU.ActiveCfg = Debug|Any CPU
		{80AA3A93-FD69-407F-AA92-80FB0EC2803D}.Debug|Any CPU.Build.0 = Debug|Any CPU
		{80AA3A93-FD69-407F-AA92-80FB0EC2803D}.Release|Any CPU.ActiveCfg = Release|Any CPU
		{80AA3A93-FD69-407F-AA92-80FB0EC2803D}.Release|Any CPU.Build.0 = Release|Any CPU
	EndGlobalSection
	GlobalSection(SolutionProperties) = preSolution
		HideSolutionNode = FALSE
	EndGlobalSection
	GlobalSection(ExtensibilityGlobals) = postSolution
		SolutionGuid = {7B49EB5C-446D-4649-9414-FF3C7FE13B7B}
	EndGlobalSection
EndGlobal
